// !$*UTF8*$!
{
	archiveVersion = 1;
	classes = {
	};
	objectVersion = 56;
	objects = {

/* Begin PBXBuildFile section */
		456E93192C6FA643008DF11B /* AppDelegate.swift in Sources */ = {isa = PBXBuildFile; fileRef = 456E93182C6FA643008DF11B /* AppDelegate.swift */; };
		456E931B2C6FA643008DF11B /* GameScene.sks in Resources */ = {isa = PBXBuildFile; fileRef = 456E931A2C6FA643008DF11B /* GameScene.sks */; };
		456E931D2C6FA643008DF11B /* Actions.sks in Resources */ = {isa = PBXBuildFile; fileRef = 456E931C2C6FA643008DF11B /* Actions.sks */; };
		456E931F2C6FA643008DF11B /* GameScene.swift in Sources */ = {isa = PBXBuildFile; fileRef = 456E931E2C6FA643008DF11B /* GameScene.swift */; };
		456E93212C6FA643008DF11B /* GameViewController.swift in Sources */ = {isa = PBXBuildFile; fileRef = 456E93202C6FA643008DF11B /* GameViewController.swift */; };
		456E93242C6FA643008DF11B /* Main.storyboard in Resources */ = {isa = PBXBuildFile; fileRef = 456E93222C6FA643008DF11B /* Main.storyboard */; };
		456E93262C6FA645008DF11B /* Assets.xcassets in Resources */ = {isa = PBXBuildFile; fileRef = 456E93252C6FA645008DF11B /* Assets.xcassets */; };
		456E93292C6FA645008DF11B /* LaunchScreen.storyboard in Resources */ = {isa = PBXBuildFile; fileRef = 456E93272C6FA645008DF11B /* LaunchScreen.storyboard */; };
		456E93332C6FA646008DF11B /* playTests.swift in Sources */ = {isa = PBXBuildFile; fileRef = 456E93322C6FA646008DF11B /* playTests.swift */; };
		456E933D2C6FA646008DF11B /* playUITests.swift in Sources */ = {isa = PBXBuildFile; fileRef = 456E933C2C6FA646008DF11B /* playUITests.swift */; };
		456E933F2C6FA646008DF11B /* playUITestsLaunchTests.swift in Sources */ = {isa = PBXBuildFile; fileRef = 456E933E2C6FA646008DF11B /* playUITestsLaunchTests.swift */; };
/* End PBXBuildFile section */

/* Begin PBXContainerItemProxy section */
		456E932F2C6FA646008DF11B /* PBXContainerItemProxy */ = {
			isa = PBXContainerItemProxy;
			containerPortal = 456E930D2C6FA642008DF11B /* Project object */;
			proxyType = 1;
			remoteGlobalIDString = 456E93142C6FA643008DF11B;
			remoteInfo = play;
		};
		456E93392C6FA646008DF11B /* PBXContainerItemProxy */ = {
			isa = PBXContainerItemProxy;
			containerPortal = 456E930D2C6FA642008DF11B /* Project object */;
			proxyType = 1;
			remoteGlobalIDString = 456E93142C6FA643008DF11B;
			remoteInfo = play;
		};
/* End PBXContainerItemProxy section */

/* Begin PBXFileReference section */
		456E93152C6FA643008DF11B /* play.app */ = {isa = PBXFileReference; explicitFileType = wrapper.application; includeInIndex = 0; path = play.app; sourceTree = BUILT_PRODUCTS_DIR; };
		456E93182C6FA643008DF11B /* AppDelegate.swift */ = {isa = PBXFileReference; lastKnownFileType = sourcecode.swift; path = AppDelegate.swift; sourceTree = "<group>"; };
		456E931A2C6FA643008DF11B /* GameScene.sks */ = {isa = PBXFileReference; lastKnownFileType = file.sks; path = GameScene.sks; sourceTree = "<group>"; };
		456E931C2C6FA643008DF11B /* Actions.sks */ = {isa = PBXFileReference; lastKnownFileType = file.sks; path = Actions.sks; sourceTree = "<group>"; };
		456E931E2C6FA643008DF11B /* GameScene.swift */ = {isa = PBXFileReference; lastKnownFileType = sourcecode.swift; path = GameScene.swift; sourceTree = "<group>"; };
		456E93202C6FA643008DF11B /* GameViewController.swift */ = {isa = PBXFileReference; lastKnownFileType = sourcecode.swift; path = GameViewController.swift; sourceTree = "<group>"; };
		456E93232C6FA643008DF11B /* Base */ = {isa = PBXFileReference; lastKnownFileType = file.storyboard; name = Base; path = Base.lproj/Main.storyboard; sourceTree = "<group>"; };
		456E93252C6FA645008DF11B /* Assets.xcassets */ = {isa = PBXFileReference; lastKnownFileType = folder.assetcatalog; path = Assets.xcassets; sourceTree = "<group>"; };
		456E93282C6FA645008DF11B /* Base */ = {isa = PBXFileReference; lastKnownFileType = file.storyboard; name = Base; path = Base.lproj/LaunchScreen.storyboard; sourceTree = "<group>"; };
		456E932E2C6FA646008DF11B /* playTests.xctest */ = {isa = PBXFileReference; explicitFileType = wrapper.cfbundle; includeInIndex = 0; path = playTests.xctest; sourceTree = BUILT_PRODUCTS_DIR; };
		456E93322C6FA646008DF11B /* playTests.swift */ = {isa = PBXFileReference; lastKnownFileType = sourcecode.swift; path = playTests.swift; sourceTree = "<group>"; };
		456E93382C6FA646008DF11B /* playUITests.xctest */ = {isa = PBXFileReference; explicitFileType = wrapper.cfbundle; includeInIndex = 0; path = playUITests.xctest; sourceTree = BUILT_PRODUCTS_DIR; };
		456E933C2C6FA646008DF11B /* playUITests.swift */ = {isa = PBXFileReference; lastKnownFileType = sourcecode.swift; path = playUITests.swift; sourceTree = "<group>"; };
		456E933E2C6FA646008DF11B /* playUITestsLaunchTests.swift */ = {isa = PBXFileReference; lastKnownFileType = sourcecode.swift; path = playUITestsLaunchTests.swift; sourceTree = "<group>"; };
/* End PBXFileReference section */

/* Begin PBXFrameworksBuildPhase section */
		456E93122C6FA643008DF11B /* Frameworks */ = {
			isa = PBXFrameworksBuildPhase;
			buildActionMask = 2147483647;
			files = (
			);
			runOnlyForDeploymentPostprocessing = 0;
		};
		456E932B2C6FA646008DF11B /* Frameworks */ = {
			isa = PBXFrameworksBuildPhase;
			buildActionMask = 2147483647;
			files = (
			);
			runOnlyForDeploymentPostprocessing = 0;
		};
		456E93352C6FA646008DF11B /* Frameworks */ = {
			isa = PBXFrameworksBuildPhase;
			buildActionMask = 2147483647;
			files = (
			);
			runOnlyForDeploymentPostprocessing = 0;
		};
/* End PBXFrameworksBuildPhase section */

/* Begin PBXGroup section */
		456E930C2C6FA642008DF11B = {
			isa = PBXGroup;
			children = (
				456E93172C6FA643008DF11B /* play */,
				456E93312C6FA646008DF11B /* playTests */,
				456E933B2C6FA646008DF11B /* playUITests */,
				456E93162C6FA643008DF11B /* Products */,
			);
			sourceTree = "<group>";
		};
		456E93162C6FA643008DF11B /* Products */ = {
			isa = PBXGroup;
			children = (
				456E93152C6FA643008DF11B /* play.app */,
				456E932E2C6FA646008DF11B /* playTests.xctest */,
				456E93382C6FA646008DF11B /* playUITests.xctest */,
			);
			name = Products;
			sourceTree = "<group>";
		};
		456E93172C6FA643008DF11B /* play */ = {
			isa = PBXGroup;
			children = (
				456E93182C6FA643008DF11B /* AppDelegate.swift */,
				456E931A2C6FA643008DF11B /* GameScene.sks */,
				456E931C2C6FA643008DF11B /* Actions.sks */,
				456E931E2C6FA643008DF11B /* GameScene.swift */,
				456E93202C6FA643008DF11B /* GameViewController.swift */,
				456E93222C6FA643008DF11B /* Main.storyboard */,
				456E93252C6FA645008DF11B /* Assets.xcassets */,
				456E93272C6FA645008DF11B /* LaunchScreen.storyboard */,
			);
			path = play;
			sourceTree = "<group>";
		};
		456E93312C6FA646008DF11B /* playTests */ = {
			isa = PBXGroup;
			children = (
				456E93322C6FA646008DF11B /* playTests.swift */,
			);
			path = playTests;
			sourceTree = "<group>";
		};
		456E933B2C6FA646008DF11B /* playUITests */ = {
			isa = PBXGroup;
			children = (
				456E933C2C6FA646008DF11B /* playUITests.swift */,
				456E933E2C6FA646008DF11B /* playUITestsLaunchTests.swift */,
			);
			path = playUITests;
			sourceTree = "<group>";
		};
/* End PBXGroup section */

/* Begin PBXNativeTarget section */
		456E93142C6FA643008DF11B /* play */ = {
			isa = PBXNativeTarget;
			buildConfigurationList = 456E93422C6FA646008DF11B /* Build configuration list for PBXNativeTarget "play" */;
			buildPhases = (
				456E93112C6FA643008DF11B /* Sources */,
				456E93122C6FA643008DF11B /* Frameworks */,
				456E93132C6FA643008DF11B /* Resources */,
			);
			buildRules = (
			);
			dependencies = (
			);
			name = play;
			productName = play;
			productReference = 456E93152C6FA643008DF11B /* play.app */;
			productType = "com.apple.product-type.application";
		};
		456E932D2C6FA646008DF11B /* playTests */ = {
			isa = PBXNativeTarget;
			buildConfigurationList = 456E93452C6FA646008DF11B /* Build configuration list for PBXNativeTarget "playTests" */;
			buildPhases = (
				456E932A2C6FA646008DF11B /* Sources */,
				456E932B2C6FA646008DF11B /* Frameworks */,
				456E932C2C6FA646008DF11B /* Resources */,
			);
			buildRules = (
			);
			dependencies = (
				456E93302C6FA646008DF11B /* PBXTargetDependency */,
			);
			name = playTests;
			productName = playTests;
			productReference = 456E932E2C6FA646008DF11B /* playTests.xctest */;
			productType = "com.apple.product-type.bundle.unit-test";
		};
		456E93372C6FA646008DF11B /* playUITests */ = {
			isa = PBXNativeTarget;
			buildConfigurationList = 456E93482C6FA646008DF11B /* Build configuration list for PBXNativeTarget "playUITests" */;
			buildPhases = (
				456E93342C6FA646008DF11B /* Sources */,
				456E93352C6FA646008DF11B /* Frameworks */,
				456E93362C6FA646008DF11B /* Resources */,
			);
			buildRules = (
			);
			dependencies = (
				456E933A2C6FA646008DF11B /* PBXTargetDependency */,
			);
			name = playUITests;
			productName = playUITests;
			productReference = 456E93382C6FA646008DF11B /* playUITests.xctest */;
			productType = "com.apple.product-type.bundle.ui-testing";
		};
/* End PBXNativeTarget section */

/* Begin PBXProject section */
		456E930D2C6FA642008DF11B /* Project object */ = {
			isa = PBXProject;
			attributes = {
				BuildIndependentTargetsInParallel = 1;
				LastSwiftUpdateCheck = 1520;
				LastUpgradeCheck = 1520;
				TargetAttributes = {
					456E93142C6FA643008DF11B = {
						CreatedOnToolsVersion = 15.2;
					};
					456E932D2C6FA646008DF11B = {
						CreatedOnToolsVersion = 15.2;
						TestTargetID = 456E93142C6FA643008DF11B;
					};
					456E93372C6FA646008DF11B = {
						CreatedOnToolsVersion = 15.2;
						TestTargetID = 456E93142C6FA643008DF11B;
					};
				};
			};
			buildConfigurationList = 456E93102C6FA642008DF11B /* Build configuration list for PBXProject "play" */;
			compatibilityVersion = "Xcode 14.0";
			developmentRegion = en;
			hasScannedForEncodings = 0;
			knownRegions = (
				en,
				Base,
			);
			mainGroup = 456E930C2C6FA642008DF11B;
			productRefGroup = 456E93162C6FA643008DF11B /* Products */;
			projectDirPath = "";
			projectRoot = "";
			targets = (
				456E93142C6FA643008DF11B /* play */,
				456E932D2C6FA646008DF11B /* playTests */,
				456E93372C6FA646008DF11B /* playUITests */,
			);
		};
/* End PBXProject section */

/* Begin PBXResourcesBuildPhase section */
		456E93132C6FA643008DF11B /* Resources */ = {
			isa = PBXResourcesBuildPhase;
			buildActionMask = 2147483647;
			files = (
				456E93242C6FA643008DF11B /* Main.storyboard in Resources */,
				456E931B2C6FA643008DF11B /* GameScene.sks in Resources */,
				456E93262C6FA645008DF11B /* Assets.xcassets in Resources */,
				456E93292C6FA645008DF11B /* LaunchScreen.storyboard in Resources */,
				456E931D2C6FA643008DF11B /* Actions.sks in Resources */,
			);
			runOnlyForDeploymentPostprocessing = 0;
		};
		456E932C2C6FA646008DF11B /* Resources */ = {
			isa = PBXResourcesBuildPhase;
			buildActionMask = 2147483647;
			files = (
			);
			runOnlyForDeploymentPostprocessing = 0;
		};
		456E93362C6FA646008DF11B /* Resources */ = {
			isa = PBXResourcesBuildPhase;
			buildActionMask = 2147483647;
			files = (
			);
			runOnlyForDeploymentPostprocessing = 0;
		};
/* End PBXResourcesBuildPhase section */

/* Begin PBXSourcesBuildPhase section */
		456E93112C6FA643008DF11B /* Sources */ = {
			isa = PBXSourcesBuildPhase;
			buildActionMask = 2147483647;
			files = (
				456E931F2C6FA643008DF11B /* GameScene.swift in Sources */,
				456E93212C6FA643008DF11B /* GameViewController.swift in Sources */,
				456E93192C6FA643008DF11B /* AppDelegate.swift in Sources */,
			);
			runOnlyForDeploymentPostprocessing = 0;
		};
		456E932A2C6FA646008DF11B /* Sources */ = {
			isa = PBXSourcesBuildPhase;
			buildActionMask = 2147483647;
			files = (
				456E93332C6FA646008DF11B /* playTests.swift in Sources */,
			);
			runOnlyForDeploymentPostprocessing = 0;
		};
		456E93342C6FA646008DF11B /* Sources */ = {
			isa = PBXSourcesBuildPhase;
			buildActionMask = 2147483647;
			files = (
				456E933F2C6FA646008DF11B /* playUITestsLaunchTests.swift in Sources */,
				456E933D2C6FA646008DF11B /* playUITests.swift in Sources */,
			);
			runOnlyForDeploymentPostprocessing = 0;
		};
/* End PBXSourcesBuildPhase section */

/* Begin PBXTargetDependency section */
		456E93302C6FA646008DF11B /* PBXTargetDependency */ = {
			isa = PBXTargetDependency;
			target = 456E93142C6FA643008DF11B /* play */;
			targetProxy = 456E932F2C6FA646008DF11B /* PBXContainerItemProxy */;
		};
		456E933A2C6FA646008DF11B /* PBXTargetDependency */ = {
			isa = PBXTargetDependency;
			target = 456E93142C6FA643008DF11B /* play */;
			targetProxy = 456E93392C6FA646008DF11B /* PBXContainerItemProxy */;
		};
/* End PBXTargetDependency section */

/* Begin PBXVariantGroup section */
		456E93222C6FA643008DF11B /* Main.storyboard */ = {
			isa = PBXVariantGroup;
			children = (
				456E93232C6FA643008DF11B /* Base */,
			);
			name = Main.storyboard;
			sourceTree = "<group>";
		};
		456E93272C6FA645008DF11B /* LaunchScreen.storyboard */ = {
			isa = PBXVariantGroup;
			children = (
				456E93282C6FA645008DF11B /* Base */,
			);
			name = LaunchScreen.storyboard;
			sourceTree = "<group>";
		};
/* End PBXVariantGroup section */

/* Begin XCBuildConfiguration section */
		456E93402C6FA646008DF11B /* Debug */ = {
			isa = XCBuildConfiguration;
			buildSettings = {
				ALWAYS_SEARCH_USER_PATHS = NO;
				ASSETCATALOG_COMPILER_GENERATE_SWIFT_ASSET_SYMBOL_EXTENSIONS = YES;
				CLANG_ANALYZER_NONNULL = YES;
				CLANG_ANALYZER_NUMBER_OBJECT_CONVERSION = YES_AGGRESSIVE;
				CLANG_CXX_LANGUAGE_STANDARD = "gnu++20";
				CLANG_ENABLE_MODULES = YES;
				CLANG_ENABLE_OBJC_ARC = YES;
				CLANG_ENABLE_OBJC_WEAK = YES;
				CLANG_WARN_BLOCK_CAPTURE_AUTORELEASING = YES;
				CLANG_WARN_BOOL_CONVERSION = YES;
				CLANG_WARN_COMMA = YES;
				CLANG_WARN_CONSTANT_CONVERSION = YES;
				CLANG_WARN_DEPRECATED_OBJC_IMPLEMENTATIONS = YES;
				CLANG_WARN_DIRECT_OBJC_ISA_USAGE = YES_ERROR;
				CLANG_WARN_DOCUMENTATION_COMMENTS = YES;
				CLANG_WARN_EMPTY_BODY = YES;
				CLANG_WARN_ENUM_CONVERSION = YES;
				CLANG_WARN_INFINITE_RECURSION = YES;
				CLANG_WARN_INT_CONVERSION = YES;
				CLANG_WARN_NON_LITERAL_NULL_CONVERSION = YES;
				CLANG_WARN_OBJC_IMPLICIT_RETAIN_SELF = YES;
				CLANG_WARN_OBJC_LITERAL_CONVERSION = YES;
				CLANG_WARN_OBJC_ROOT_CLASS = YES_ERROR;
				CLANG_WARN_QUOTED_INCLUDE_IN_FRAMEWORK_HEADER = YES;
				CLANG_WARN_RANGE_LOOP_ANALYSIS = YES;
				CLANG_WARN_STRICT_PROTOTYPES = YES;
				CLANG_WARN_SUSPICIOUS_MOVE = YES;
				CLANG_WARN_UNGUARDED_AVAILABILITY = YES_AGGRESSIVE;
				CLANG_WARN_UNREACHABLE_CODE = YES;
				CLANG_WARN__DUPLICATE_METHOD_MATCH = YES;
				COPY_PHASE_STRIP = NO;
				DEBUG_INFORMATION_FORMAT = dwarf;
				ENABLE_STRICT_OBJC_MSGSEND = YES;
				ENABLE_TESTABILITY = YES;
				ENABLE_USER_SCRIPT_SANDBOXING = YES;
				GCC_C_LANGUAGE_STANDARD = gnu17;
				GCC_DYNAMIC_NO_PIC = NO;
				GCC_NO_COMMON_BLOCKS = YES;
				GCC_OPTIMIZATION_LEVEL = 0;
				GCC_PREPROCESSOR_DEFINITIONS = (
					"DEBUG=1",
					"$(inherited)",
				);
				GCC_WARN_64_TO_32_BIT_CONVERSION = YES;
				GCC_WARN_ABOUT_RETURN_TYPE = YES_ERROR;
				GCC_WARN_UNDECLARED_SELECTOR = YES;
				GCC_WARN_UNINITIALIZED_AUTOS = YES_AGGRESSIVE;
				GCC_WARN_UNUSED_FUNCTION = YES;
				GCC_WARN_UNUSED_VARIABLE = YES;
				IPHONEOS_DEPLOYMENT_TARGET = 17.2;
				LOCALIZATION_PREFERS_STRING_CATALOGS = YES;
				MTL_ENABLE_DEBUG_INFO = INCLUDE_SOURCE;
				MTL_FAST_MATH = YES;
				ONLY_ACTIVE_ARCH = YES;
				SDKROOT = iphoneos;
				SWIFT_ACTIVE_COMPILATION_CONDITIONS = "DEBUG $(inherited)";
				SWIFT_OPTIMIZATION_LEVEL = "-Onone";
			};
			name = Debug;
		};
		456E93412C6FA646008DF11B /* Release */ = {
			isa = XCBuildConfiguration;
			buildSettings = {
				ALWAYS_SEARCH_USER_PATHS = NO;
				ASSETCATALOG_COMPILER_GENERATE_SWIFT_ASSET_SYMBOL_EXTENSIONS = YES;
				CLANG_ANALYZER_NONNULL = YES;
				CLANG_ANALYZER_NUMBER_OBJECT_CONVERSION = YES_AGGRESSIVE;
				CLANG_CXX_LANGUAGE_STANDARD = "gnu++20";
				CLANG_ENABLE_MODULES = YES;
				CLANG_ENABLE_OBJC_ARC = YES;
				CLANG_ENABLE_OBJC_WEAK = YES;
				CLANG_WARN_BLOCK_CAPTURE_AUTORELEASING = YES;
				CLANG_WARN_BOOL_CONVERSION = YES;
				CLANG_WARN_COMMA = YES;
				CLANG_WARN_CONSTANT_CONVERSION = YES;
				CLANG_WARN_DEPRECATED_OBJC_IMPLEMENTATIONS = YES;
				CLANG_WARN_DIRECT_OBJC_ISA_USAGE = YES_ERROR;
				CLANG_WARN_DOCUMENTATION_COMMENTS = YES;
				CLANG_WARN_EMPTY_BODY = YES;
				CLANG_WARN_ENUM_CONVERSION = YES;
				CLANG_WARN_INFINITE_RECURSION = YES;
				CLANG_WARN_INT_CONVERSION = YES;
				CLANG_WARN_NON_LITERAL_NULL_CONVERSION = YES;
				CLANG_WARN_OBJC_IMPLICIT_RETAIN_SELF = YES;
				CLANG_WARN_OBJC_LITERAL_CONVERSION = YES;
				CLANG_WARN_OBJC_ROOT_CLASS = YES_ERROR;
				CLANG_WARN_QUOTED_INCLUDE_IN_FRAMEWORK_HEADER = YES;
				CLANG_WARN_RANGE_LOOP_ANALYSIS = YES;
				CLANG_WARN_STRICT_PROTOTYPES = YES;
				CLANG_WARN_SUSPICIOUS_MOVE = YES;
				CLANG_WARN_UNGUARDED_AVAILABILITY = YES_AGGRESSIVE;
				CLANG_WARN_UNREACHABLE_CODE = YES;
				CLANG_WARN__DUPLICATE_METHOD_MATCH = YES;
				COPY_PHASE_STRIP = NO;
				DEBUG_INFORMATION_FORMAT = "dwarf-with-dsym";
				ENABLE_NS_ASSERTIONS = NO;
				ENABLE_STRICT_OBJC_MSGSEND = YES;
				ENABLE_USER_SCRIPT_SANDBOXING = YES;
				GCC_C_LANGUAGE_STANDARD = gnu17;
				GCC_NO_COMMON_BLOCKS = YES;
				GCC_WARN_64_TO_32_BIT_CONVERSION = YES;
				GCC_WARN_ABOUT_RETURN_TYPE = YES_ERROR;
				GCC_WARN_UNDECLARED_SELECTOR = YES;
				GCC_WARN_UNINITIALIZED_AUTOS = YES_AGGRESSIVE;
				GCC_WARN_UNUSED_FUNCTION = YES;
				GCC_WARN_UNUSED_VARIABLE = YES;
				IPHONEOS_DEPLOYMENT_TARGET = 17.2;
				LOCALIZATION_PREFERS_STRING_CATALOGS = YES;
				MTL_ENABLE_DEBUG_INFO = NO;
				MTL_FAST_MATH = YES;
				SDKROOT = iphoneos;
				SWIFT_COMPILATION_MODE = wholemodule;
				VALIDATE_PRODUCT = YES;
			};
			name = Release;
		};
		456E93432C6FA646008DF11B /* Debug */ = {
			isa = XCBuildConfiguration;
			buildSettings = {
				ASSETCATALOG_COMPILER_APPICON_NAME = AppIcon;
				ASSETCATALOG_COMPILER_GLOBAL_ACCENT_COLOR_NAME = AccentColor;
				CODE_SIGN_STYLE = Automatic;
				CURRENT_PROJECT_VERSION = 1;
				GENERATE_INFOPLIST_FILE = YES;
				INFOPLIST_KEY_UIApplicationSupportsIndirectInputEvents = YES;
				INFOPLIST_KEY_UILaunchStoryboardName = LaunchScreen;
				INFOPLIST_KEY_UIMainStoryboardFile = Main;
				INFOPLIST_KEY_UIStatusBarHidden = YES;
				INFOPLIST_KEY_UISupportedInterfaceOrientations_iPad = "UIInterfaceOrientationPortrait UIInterfaceOrientationPortraitUpsideDown UIInterfaceOrientationLandscapeLeft UIInterfaceOrientationLandscapeRight";
				INFOPLIST_KEY_UISupportedInterfaceOrientations_iPhone = "UIInterfaceOrientationPortrait UIInterfaceOrientationLandscapeLeft UIInterfaceOrientationLandscapeRight";
				LD_RUNPATH_SEARCH_PATHS = (
					"$(inherited)",
					"@executable_path/Frameworks",
				);
				MARKETING_VERSION = 1.0;
				PRODUCT_BUNDLE_IDENTIFIER = kk.play;
				PRODUCT_NAME = "$(TARGET_NAME)";
				SWIFT_EMIT_LOC_STRINGS = YES;
				SWIFT_VERSION = 5.0;
				TARGETED_DEVICE_FAMILY = "1,2";
			};
			name = Debug;
		};
		456E93442C6FA646008DF11B /* Release */ = {
			isa = XCBuildConfiguration;
			buildSettings = {
				ASSETCATALOG_COMPILER_APPICON_NAME = AppIcon;
				ASSETCATALOG_COMPILER_GLOBAL_ACCENT_COLOR_NAME = AccentColor;
				CODE_SIGN_STYLE = Automatic;
				CURRENT_PROJECT_VERSION = 1;
				GENERATE_INFOPLIST_FILE = YES;
				INFOPLIST_KEY_UIApplicationSupportsIndirectInputEvents = YES;
				INFOPLIST_KEY_UILaunchStoryboardName = LaunchScreen;
				INFOPLIST_KEY_UIMainStoryboardFile = Main;
				INFOPLIST_KEY_UIStatusBarHidden = YES;
				INFOPLIST_KEY_UISupportedInterfaceOrientations_iPad = "UIInterfaceOrientationPortrait UIInterfaceOrientationPortraitUpsideDown UIInterfaceOrientationLandscapeLeft UIInterfaceOrientationLandscapeRight";
				INFOPLIST_KEY_UISupportedInterfaceOrientations_iPhone = "UIInterfaceOrientationPortrait UIInterfaceOrientationLandscapeLeft UIInterfaceOrientationLandscapeRight";
				LD_RUNPATH_SEARCH_PATHS = (
					"$(inherited)",
					"@executable_path/Frameworks",
				);
				MARKETING_VERSION = 1.0;
				PRODUCT_BUNDLE_IDENTIFIER = kk.play;
				PRODUCT_NAME = "$(TARGET_NAME)";
				SWIFT_EMIT_LOC_STRINGS = YES;
				SWIFT_VERSION = 5.0;
				TARGETED_DEVICE_FAMILY = "1,2";
			};
			name = Release;
		};
		456E93462C6FA646008DF11B /* Debug */ = {
			isa = XCBuildConfiguration;
			buildSettings = {
				ALWAYS_EMBED_SWIFT_STANDARD_LIBRARIES = YES;
				BUNDLE_LOADER = "$(TEST_HOST)";
				CODE_SIGN_STYLE = Automatic;
				CURRENT_PROJECT_VERSION = 1;
				GENERATE_INFOPLIST_FILE = YES;
				IPHONEOS_DEPLOYMENT_TARGET = 17.2;
				MARKETING_VERSION = 1.0;
				PRODUCT_BUNDLE_IDENTIFIER = kk.playTests;
				PRODUCT_NAME = "$(TARGET_NAME)";
				SWIFT_EMIT_LOC_STRINGS = NO;
				SWIFT_VERSION = 5.0;
				TARGETED_DEVICE_FAMILY = "1,2";
				TEST_HOST = "$(BUILT_PRODUCTS_DIR)/play.app/$(BUNDLE_EXECUTABLE_FOLDER_PATH)/play";
			};
			name = Debug;
		};
		456E93472C6FA646008DF11B /* Release */ = {
			isa = XCBuildConfiguration;
			buildSettings = {
				ALWAYS_EMBED_SWIFT_STANDARD_LIBRARIES = YES;
				BUNDLE_LOADER = "$(TEST_HOST)";
				CODE_SIGN_STYLE = Automatic;
				CURRENT_PROJECT_VERSION = 1;
				GENERATE_INFOPLIST_FILE = YES;
				IPHONEOS_DEPLOYMENT_TARGET = 17.2;
				MARKETING_VERSION = 1.0;
				PRODUCT_BUNDLE_IDENTIFIER = kk.playTests;
				PRODUCT_NAME = "$(TARGET_NAME)";
				SWIFT_EMIT_LOC_STRINGS = NO;
				SWIFT_VERSION = 5.0;
				TARGETED_DEVICE_FAMILY = "1,2";
				TEST_HOST = "$(BUILT_PRODUCTS_DIR)/play.app/$(BUNDLE_EXECUTABLE_FOLDER_PATH)/play";
			};
			name = Release;
		};
		456E93492C6FA646008DF11B /* Debug */ = {
			isa = XCBuildConfiguration;
			buildSettings = {
				ALWAYS_EMBED_SWIFT_STANDARD_LIBRARIES = YES;
				CODE_SIGN_STYLE = Automatic;
				CURRENT_PROJECT_VERSION = 1;
				GENERATE_INFOPLIST_FILE = YES;
				MARKETING_VERSION = 1.0;
				PRODUCT_BUNDLE_IDENTIFIER = kk.playUITests;
				PRODUCT_NAME = "$(TARGET_NAME)";
				SWIFT_EMIT_LOC_STRINGS = NO;
				SWIFT_VERSION = 5.0;
				TARGETED_DEVICE_FAMILY = "1,2";
				TEST_TARGET_NAME = play;
			};
			name = Debug;
		};
		456E934A2C6FA646008DF11B /* Release */ = {
			isa = XCBuildConfiguration;
			buildSettings = {
				ALWAYS_EMBED_SWIFT_STANDARD_LIBRARIES = YES;
				CODE_SIGN_STYLE = Automatic;
				CURRENT_PROJECT_VERSION = 1;
				GENERATE_INFOPLIST_FILE = YES;
				MARKETING_VERSION = 1.0;
				PRODUCT_BUNDLE_IDENTIFIER = kk.playUITests;
				PRODUCT_NAME = "$(TARGET_NAME)";
				SWIFT_EMIT_LOC_STRINGS = NO;
				SWIFT_VERSION = 5.0;
				TARGETED_DEVICE_FAMILY = "1,2";
				TEST_TARGET_NAME = play;
			};
			name = Release;
		};
/* End XCBuildConfiguration section */

/* Begin XCConfigurationList section */
		456E93102C6FA642008DF11B /* Build configuration list for PBXProject "play" */ = {
			isa = XCConfigurationList;
			buildConfigurations = (
				456E93402C6FA646008DF11B /* Debug */,
				456E93412C6FA646008DF11B /* Release */,
			);
			defaultConfigurationIsVisible = 0;
			defaultConfigurationName = Release;
		};
		456E93422C6FA646008DF11B /* Build configuration list for PBXNativeTarget "play" */ = {
			isa = XCConfigurationList;
			buildConfigurations = (
				456E93432C6FA646008DF11B /* Debug */,
				456E93442C6FA646008DF11B /* Release */,
			);
			defaultConfigurationIsVisible = 0;
			defaultConfigurationName = Release;
		};
		456E93452C6FA646008DF11B /* Build configuration list for PBXNativeTarget "playTests" */ = {
			isa = XCConfigurationList;
			buildConfigurations = (
				456E93462C6FA646008DF11B /* Debug */,
				456E93472C6FA646008DF11B /* Release */,
			);
			defaultConfigurationIsVisible = 0;
			defaultConfigurationName = Release;
		};
		456E93482C6FA646008DF11B /* Build configuration list for PBXNativeTarget "playUITests" */ = {
			isa = XCConfigurationList;
			buildConfigurations = (
				456E93492C6FA646008DF11B /* Debug */,
				456E934A2C6FA646008DF11B /* Release */,
			);
			defaultConfigurationIsVisible = 0;
			defaultConfigurationName = Release;
		};
/* End XCConfigurationList section */
	};
	rootObject = 456E930D2C6FA642008DF11B /* Project object */;
}
